
Microsoft Visual Studio Solution File, Format Version 11.00
# Visual Studio 2010
Project("{FAE04EC0-301F-11D3-BF4B-00C04F79EFBC}") = "PhotoBuddy", "PhotoBuddy\PhotoBuddy.csproj", "{75BBBE77-3F60-4114-B655-2B827D5F027F}"
EndProject
Project("{FAE04EC0-301F-11D3-BF4B-00C04F79EFBC}") = "PhotoBuddy.Tests", "PhotoBuddy.Tests\PhotoBuddy.Tests.csproj", "{3CC230F3-87D6-4422-A4C6-26F565E20E82}"
EndProject
Project("{2150E333-8FDC-42A3-9474-1A3956D46DE8}") = "Solution Items", "Solution Items", "{B2D9ED6B-6A93-4975-ADD8-2959097AA06C}"
	ProjectSection(SolutionItems) = preProject
		Local.testsettings = Local.testsettings
		PhotoBuddy1.vsmdi = PhotoBuddy1.vsmdi
		readme.txt = readme.txt
		TraceAndTestImpact.testsettings = TraceAndTestImpact.testsettings
	EndProjectSection
EndProject
Global
	GlobalSection(TestCaseManagementSettings) = postSolution
		CategoryFile = PhotoBuddy1.vsmdi
	EndGlobalSection
	GlobalSection(SolutionConfigurationPlatforms) = preSolution
		Debug|Any CPU = Debug|Any CPU
		Debug|Mixed Platforms = Debug|Mixed Platforms
		Debug|x86 = Debug|x86
		Release|Any CPU = Release|Any CPU
		Release|Mixed Platforms = Release|Mixed Platforms
		Release|x86 = Release|x86
	EndGlobalSection
	GlobalSection(ProjectConfigurationPlatforms) = postSolution
		{75BBBE77-3F60-4114-B655-2B827D5F027F}.Debug|Any CPU.ActiveCfg = Debug|x86
		{75BBBE77-3F60-4114-B655-2B827D5F027F}.Debug|Mixed Platforms.ActiveCfg = Debug|x86
		{75BBBE77-3F60-4114-B655-2B827D5F027F}.Debug|Mixed Platforms.Build.0 = Debug|x86
		{75BBBE77-3F60-4114-B655-2B827D5F027F}.Debug|x86.ActiveCfg = Debug|x86
		{75BBBE77-3F60-4114-B655-2B827D5F027F}.Debug|x86.Build.0 = Debug|x86
		{75BBBE77-3F60-4114-B655-2B827D5F027F}.Release|Any CPU.ActiveCfg = Release|x86
		{75BBBE77-3F60-4114-B655-2B827D5F027F}.Release|Mixed Platforms.ActiveCfg = Release|x86
		{75BBBE77-3F60-4114-B655-2B827D5F027F}.Release|Mixed Platforms.Build.0 = Release|x86
		{75BBBE77-3F60-4114-B655-2B827D5F027F}.Release|x86.ActiveCfg = Release|x86
		{75BBBE77-3F60-4114-B655-2B827D5F027F}.Release|x86.Build.0 = Release|x86
		{3CC230F3-87D6-4422-A4C6-26F565E20E82}.Debug|Any CPU.ActiveCfg = Debug|x86
		{3CC230F3-87D6-4422-A4C6-26F565E20E82}.Debug|Mixed Platforms.ActiveCfg = Debug|x86
		{3CC230F3-87D6-4422-A4C6-26F565E20E82}.Debug|Mixed Platforms.Build.0 = Debug|x86
		{3CC230F3-87D6-4422-A4C6-26F565E20E82}.Debug|x86.ActiveCfg = Debug|x86
		{3CC230F3-87D6-4422-A4C6-26F565E20E82}.Debug|x86.Build.0 = Debug|x86
		{3CC230F3-87D6-4422-A4C6-26F565E20E82}.Release|Any CPU.ActiveCfg = Release|x86
		{3CC230F3-87D6-4422-A4C6-26F565E20E82}.Release|Mixed Platforms.ActiveCfg = Release|x86
		{3CC230F3-87D6-4422-A4C6-26F565E20E82}.Release|Mixed Platforms.Build.0 = Release|x86
		{3CC230F3-87D6-4422-A4C6-26F565E20E82}.Release|x86.ActiveCfg = Release|x86
	EndGlobalSection
	GlobalSection(SolutionProperties) = preSolution
		HideSolutionNode = FALSE
	EndGlobalSection
EndGlobal
