
Microsoft Visual Studio Solution File, Format Version 11.00
# Visual Studio 2010
Project("{FAE04EC0-301F-11D3-BF4B-00C04F79EFBC}") = "PhotoBuddy", "PhotoBuddy\PhotoBuddy.csproj", "{75BBBE77-3F60-4114-B655-2B827D5F027F}"
EndProject
Project("{FAE04EC0-301F-11D3-BF4B-00C04F79EFBC}") = "PhotoBuddy.Tests", "PhotoBuddy.Tests\PhotoBuddy.Tests.csproj", "{3CC230F3-87D6-4422-A4C6-26F565E20E82}"
EndProject
Global
	GlobalSection(SolutionConfigurationPlatforms) = preSolution
		Debug|x86 = Debug|x86
		Release|x86 = Release|x86
	EndGlobalSection
	GlobalSection(ProjectConfigurationPlatforms) = postSolution
		{75BBBE77-3F60-4114-B655-2B827D5F027F}.Debug|x86.ActiveCfg = Debug|x86
		{75BBBE77-3F60-4114-B655-2B827D5F027F}.Debug|x86.Build.0 = Debug|x86
		{75BBBE77-3F60-4114-B655-2B827D5F027F}.Release|x86.ActiveCfg = Release|x86
		{75BBBE77-3F60-4114-B655-2B827D5F027F}.Release|x86.Build.0 = Release|x86
		{3CC230F3-87D6-4422-A4C6-26F565E20E82}.Debug|x86.ActiveCfg = Debug|x86
		{3CC230F3-87D6-4422-A4C6-26F565E20E82}.Debug|x86.Build.0 = Debug|x86
		{3CC230F3-87D6-4422-A4C6-26F565E20E82}.Release|x86.ActiveCfg = Release|x86
	EndGlobalSection
	GlobalSection(SolutionProperties) = preSolution
		HideSolutionNode = FALSE
	EndGlobalSection
EndGlobal
